
Microsoft Visual Studio Solution File, Format Version 12.00
# Visual Studio Version 17
VisualStudioVersion = 17.12.35424.110 d17.12
MinimumVisualStudioVersion = 10.0.40219.1
Project("{FAE04EC0-301F-11D3-BF4B-00C04F79EFBC}") = "Talabat.API", "Talabat.API\Talabat.API.csproj", "{B7CCBF03-92CD-4CAA-8BF6-C2C9625278ED}"
EndProject
Project("{FAE04EC0-301F-11D3-BF4B-00C04F79EFBC}") = "Talabat.Core", "Talabat.Core\Talabat.Core.csproj", "{3B34DFB5-5337-422F-9498-50EE05598496}"
EndProject
Project("{FAE04EC0-301F-11D3-BF4B-00C04F79EFBC}") = "Talabat.Repository", "Talabat.Repository\Talabat.Repository.csproj", "{C4114573-A77B-4BF4-BBB9-9869DC1A0F80}"
EndProject
Project("{FAE04EC0-301F-11D3-BF4B-00C04F79EFBC}") = "Talabat.Service", "Talabat.Service\Talabat.Service.csproj", "{4C42CDD4-13F7-43FF-8B30-217837032133}"
EndProject
Global
	GlobalSection(SolutionConfigurationPlatforms) = preSolution
		Debug|Any CPU = Debug|Any CPU
		Release|Any CPU = Release|Any CPU
	EndGlobalSection
	GlobalSection(ProjectConfigurationPlatforms) = postSolution
		{B7CCBF03-92CD-4CAA-8BF6-C2C9625278ED}.Debug|Any CPU.ActiveCfg = Debug|Any CPU
		{B7CCBF03-92CD-4CAA-8BF6-C2C9625278ED}.Debug|Any CPU.Build.0 = Debug|Any CPU
		{B7CCBF03-92CD-4CAA-8BF6-C2C9625278ED}.Release|Any CPU.ActiveCfg = Release|Any CPU
		{B7CCBF03-92CD-4CAA-8BF6-C2C9625278ED}.Release|Any CPU.Build.0 = Release|Any CPU
		{3B34DFB5-5337-422F-9498-50EE05598496}.Debug|Any CPU.ActiveCfg = Debug|Any CPU
		{3B34DFB5-5337-422F-9498-50EE05598496}.Debug|Any CPU.Build.0 = Debug|Any CPU
		{3B34DFB5-5337-422F-9498-50EE05598496}.Release|Any CPU.ActiveCfg = Release|Any CPU
		{3B34DFB5-5337-422F-9498-50EE05598496}.Release|Any CPU.Build.0 = Release|Any CPU
		{C4114573-A77B-4BF4-BBB9-9869DC1A0F80}.Debug|Any CPU.ActiveCfg = Debug|Any CPU
		{C4114573-A77B-4BF4-BBB9-9869DC1A0F80}.Debug|Any CPU.Build.0 = Debug|Any CPU
		{C4114573-A77B-4BF4-BBB9-9869DC1A0F80}.Release|Any CPU.ActiveCfg = Release|Any CPU
		{C4114573-A77B-4BF4-BBB9-9869DC1A0F80}.Release|Any CPU.Build.0 = Release|Any CPU
		{4C42CDD4-13F7-43FF-8B30-217837032133}.Debug|Any CPU.ActiveCfg = Debug|Any CPU
		{4C42CDD4-13F7-43FF-8B30-217837032133}.Debug|Any CPU.Build.0 = Debug|Any CPU
		{4C42CDD4-13F7-43FF-8B30-217837032133}.Release|Any CPU.ActiveCfg = Release|Any CPU
		{4C42CDD4-13F7-43FF-8B30-217837032133}.Release|Any CPU.Build.0 = Release|Any CPU
	EndGlobalSection
	GlobalSection(SolutionProperties) = preSolution
		HideSolutionNode = FALSE
	EndGlobalSection
EndGlobal
